// !$*UTF8*$!
{
	archiveVersion = 1;
	classes = {
	};
	objectVersion = 46;
	objects = {

/* Begin PBXBuildFile section */
		296A41F31ED95C7300B61C51 /* WeatherVC.swift in Sources */ = {isa = PBXBuildFile; fileRef = 296A41F21ED95C7300B61C51 /* WeatherVC.swift */; };
		296A41F51EDA437A00B61C51 /* Constants.swift in Sources */ = {isa = PBXBuildFile; fileRef = 296A41F41EDA437A00B61C51 /* Constants.swift */; };
		296A41F71EDA458D00B61C51 /* CurrentWeather.swift in Sources */ = {isa = PBXBuildFile; fileRef = 296A41F61EDA458D00B61C51 /* CurrentWeather.swift */; };
		296A41F91EDBACDB00B61C51 /* Forecast.swift in Sources */ = {isa = PBXBuildFile; fileRef = 296A41F81EDBACDB00B61C51 /* Forecast.swift */; };
		296A41FB1EDD242900B61C51 /* WeatherCell.swift in Sources */ = {isa = PBXBuildFile; fileRef = 296A41FA1EDD242900B61C51 /* WeatherCell.swift */; };
		296A41FD1EDD2A4B00B61C51 /* Location.swift in Sources */ = {isa = PBXBuildFile; fileRef = 296A41FC1EDD2A4B00B61C51 /* Location.swift */; };
		29F56A381ED8E8F50001343A /* AppDelegate.swift in Sources */ = {isa = PBXBuildFile; fileRef = 29F56A371ED8E8F50001343A /* AppDelegate.swift */; };
		29F56A3D1ED8E8F50001343A /* Main.storyboard in Resources */ = {isa = PBXBuildFile; fileRef = 29F56A3B1ED8E8F50001343A /* Main.storyboard */; };
		29F56A3F1ED8E8F50001343A /* Assets.xcassets in Resources */ = {isa = PBXBuildFile; fileRef = 29F56A3E1ED8E8F50001343A /* Assets.xcassets */; };
		29F56A421ED8E8F50001343A /* LaunchScreen.storyboard in Resources */ = {isa = PBXBuildFile; fileRef = 29F56A401ED8E8F50001343A /* LaunchScreen.storyboard */; };
		29F56A4D1ED8E8F60001343A /* rainyshineappTests.swift in Sources */ = {isa = PBXBuildFile; fileRef = 29F56A4C1ED8E8F60001343A /* rainyshineappTests.swift */; };
		29F56A581ED8E8F60001343A /* rainyshineappUITests.swift in Sources */ = {isa = PBXBuildFile; fileRef = 29F56A571ED8E8F60001343A /* rainyshineappUITests.swift */; };
		61127F1E57DE858206BF087B /* Pods_rainyshineapp.framework in Frameworks */ = {isa = PBXBuildFile; fileRef = D90D7125DDCB4B240B80CAF2 /* Pods_rainyshineapp.framework */; };
/* End PBXBuildFile section */

/* Begin PBXContainerItemProxy section */
		29F56A491ED8E8F60001343A /* PBXContainerItemProxy */ = {
			isa = PBXContainerItemProxy;
			containerPortal = 29F56A2C1ED8E8F50001343A /* Project object */;
			proxyType = 1;
			remoteGlobalIDString = 29F56A331ED8E8F50001343A;
			remoteInfo = rainyshineapp;
		};
		29F56A541ED8E8F60001343A /* PBXContainerItemProxy */ = {
			isa = PBXContainerItemProxy;
			containerPortal = 29F56A2C1ED8E8F50001343A /* Project object */;
			proxyType = 1;
			remoteGlobalIDString = 29F56A331ED8E8F50001343A;
			remoteInfo = rainyshineapp;
		};
/* End PBXContainerItemProxy section */

/* Begin PBXFileReference section */
		296A41F21ED95C7300B61C51 /* WeatherVC.swift */ = {isa = PBXFileReference; fileEncoding = 4; lastKnownFileType = sourcecode.swift; path = WeatherVC.swift; sourceTree = "<group>"; };
		296A41F41EDA437A00B61C51 /* Constants.swift */ = {isa = PBXFileReference; fileEncoding = 4; lastKnownFileType = sourcecode.swift; path = Constants.swift; sourceTree = "<group>"; };
		296A41F61EDA458D00B61C51 /* CurrentWeather.swift */ = {isa = PBXFileReference; fileEncoding = 4; lastKnownFileType = sourcecode.swift; path = CurrentWeather.swift; sourceTree = "<group>"; };
		296A41F81EDBACDB00B61C51 /* Forecast.swift */ = {isa = PBXFileReference; fileEncoding = 4; lastKnownFileType = sourcecode.swift; path = Forecast.swift; sourceTree = "<group>"; };
		296A41FA1EDD242900B61C51 /* WeatherCell.swift */ = {isa = PBXFileReference; fileEncoding = 4; lastKnownFileType = sourcecode.swift; path = WeatherCell.swift; sourceTree = "<group>"; };
		296A41FC1EDD2A4B00B61C51 /* Location.swift */ = {isa = PBXFileReference; fileEncoding = 4; lastKnownFileType = sourcecode.swift; path = Location.swift; sourceTree = "<group>"; };
		29F56A341ED8E8F50001343A /* rainyshineapp.app */ = {isa = PBXFileReference; explicitFileType = wrapper.application; includeInIndex = 0; path = rainyshineapp.app; sourceTree = BUILT_PRODUCTS_DIR; };
		29F56A371ED8E8F50001343A /* AppDelegate.swift */ = {isa = PBXFileReference; lastKnownFileType = sourcecode.swift; path = AppDelegate.swift; sourceTree = "<group>"; };
		29F56A3C1ED8E8F50001343A /* Base */ = {isa = PBXFileReference; lastKnownFileType = file.storyboard; name = Base; path = Base.lproj/Main.storyboard; sourceTree = "<group>"; };
		29F56A3E1ED8E8F50001343A /* Assets.xcassets */ = {isa = PBXFileReference; lastKnownFileType = folder.assetcatalog; path = Assets.xcassets; sourceTree = "<group>"; };
		29F56A411ED8E8F50001343A /* Base */ = {isa = PBXFileReference; lastKnownFileType = file.storyboard; name = Base; path = Base.lproj/LaunchScreen.storyboard; sourceTree = "<group>"; };
		29F56A431ED8E8F50001343A /* Info.plist */ = {isa = PBXFileReference; lastKnownFileType = text.plist.xml; path = Info.plist; sourceTree = "<group>"; };
		29F56A481ED8E8F60001343A /* rainyshineappTests.xctest */ = {isa = PBXFileReference; explicitFileType = wrapper.cfbundle; includeInIndex = 0; path = rainyshineappTests.xctest; sourceTree = BUILT_PRODUCTS_DIR; };
		29F56A4C1ED8E8F60001343A /* rainyshineappTests.swift */ = {isa = PBXFileReference; lastKnownFileType = sourcecode.swift; path = rainyshineappTests.swift; sourceTree = "<group>"; };
		29F56A4E1ED8E8F60001343A /* Info.plist */ = {isa = PBXFileReference; lastKnownFileType = text.plist.xml; path = Info.plist; sourceTree = "<group>"; };
		29F56A531ED8E8F60001343A /* rainyshineappUITests.xctest */ = {isa = PBXFileReference; explicitFileType = wrapper.cfbundle; includeInIndex = 0; path = rainyshineappUITests.xctest; sourceTree = BUILT_PRODUCTS_DIR; };
		29F56A571ED8E8F60001343A /* rainyshineappUITests.swift */ = {isa = PBXFileReference; lastKnownFileType = sourcecode.swift; path = rainyshineappUITests.swift; sourceTree = "<group>"; };
		29F56A591ED8E8F60001343A /* Info.plist */ = {isa = PBXFileReference; lastKnownFileType = text.plist.xml; path = Info.plist; sourceTree = "<group>"; };
		53B3653B2EAD18CA046E6D93 /* Pods-rainyshineapp.debug.xcconfig */ = {isa = PBXFileReference; includeInIndex = 1; lastKnownFileType = text.xcconfig; name = "Pods-rainyshineapp.debug.xcconfig"; path = "Pods/Target Support Files/Pods-rainyshineapp/Pods-rainyshineapp.debug.xcconfig"; sourceTree = "<group>"; };
		AD0C0F6787760C512F031503 /* Pods-rainyshineapp.release.xcconfig */ = {isa = PBXFileReference; includeInIndex = 1; lastKnownFileType = text.xcconfig; name = "Pods-rainyshineapp.release.xcconfig"; path = "Pods/Target Support Files/Pods-rainyshineapp/Pods-rainyshineapp.release.xcconfig"; sourceTree = "<group>"; };
		D90D7125DDCB4B240B80CAF2 /* Pods_rainyshineapp.framework */ = {isa = PBXFileReference; explicitFileType = wrapper.framework; includeInIndex = 0; path = Pods_rainyshineapp.framework; sourceTree = BUILT_PRODUCTS_DIR; };
/* End PBXFileReference section */

/* Begin PBXFrameworksBuildPhase section */
		29F56A311ED8E8F50001343A /* Frameworks */ = {
			isa = PBXFrameworksBuildPhase;
			buildActionMask = 2147483647;
			files = (
				61127F1E57DE858206BF087B /* Pods_rainyshineapp.framework in Frameworks */,
			);
			runOnlyForDeploymentPostprocessing = 0;
		};
		29F56A451ED8E8F60001343A /* Frameworks */ = {
			isa = PBXFrameworksBuildPhase;
			buildActionMask = 2147483647;
			files = (
			);
			runOnlyForDeploymentPostprocessing = 0;
		};
		29F56A501ED8E8F60001343A /* Frameworks */ = {
			isa = PBXFrameworksBuildPhase;
			buildActionMask = 2147483647;
			files = (
			);
			runOnlyForDeploymentPostprocessing = 0;
		};
/* End PBXFrameworksBuildPhase section */

/* Begin PBXGroup section */
		29F56A2B1ED8E8F50001343A = {
			isa = PBXGroup;
			children = (
				29F56A361ED8E8F50001343A /* rainyshineapp */,
				29F56A4B1ED8E8F60001343A /* rainyshineappTests */,
				29F56A561ED8E8F60001343A /* rainyshineappUITests */,
				29F56A351ED8E8F50001343A /* Products */,
				F70D7EF4455494C20B597257 /* Pods */,
				88A07FF26552FB9745779749 /* Frameworks */,
			);
			sourceTree = "<group>";
		};
		29F56A351ED8E8F50001343A /* Products */ = {
			isa = PBXGroup;
			children = (
				29F56A341ED8E8F50001343A /* rainyshineapp.app */,
				29F56A481ED8E8F60001343A /* rainyshineappTests.xctest */,
				29F56A531ED8E8F60001343A /* rainyshineappUITests.xctest */,
			);
			name = Products;
			sourceTree = "<group>";
		};
		29F56A361ED8E8F50001343A /* rainyshineapp */ = {
			isa = PBXGroup;
			children = (
				29F56A371ED8E8F50001343A /* AppDelegate.swift */,
				296A41F21ED95C7300B61C51 /* WeatherVC.swift */,
				296A41F61EDA458D00B61C51 /* CurrentWeather.swift */,
				296A41FA1EDD242900B61C51 /* WeatherCell.swift */,
				296A41F81EDBACDB00B61C51 /* Forecast.swift */,
				296A41F41EDA437A00B61C51 /* Constants.swift */,
				296A41FC1EDD2A4B00B61C51 /* Location.swift */,
				29F56A3B1ED8E8F50001343A /* Main.storyboard */,
				29F56A3E1ED8E8F50001343A /* Assets.xcassets */,
				29F56A401ED8E8F50001343A /* LaunchScreen.storyboard */,
				29F56A431ED8E8F50001343A /* Info.plist */,
			);
			path = rainyshineapp;
			sourceTree = "<group>";
		};
		29F56A4B1ED8E8F60001343A /* rainyshineappTests */ = {
			isa = PBXGroup;
			children = (
				29F56A4C1ED8E8F60001343A /* rainyshineappTests.swift */,
				29F56A4E1ED8E8F60001343A /* Info.plist */,
			);
			path = rainyshineappTests;
			sourceTree = "<group>";
		};
		29F56A561ED8E8F60001343A /* rainyshineappUITests */ = {
			isa = PBXGroup;
			children = (
				29F56A571ED8E8F60001343A /* rainyshineappUITests.swift */,
				29F56A591ED8E8F60001343A /* Info.plist */,
			);
			path = rainyshineappUITests;
			sourceTree = "<group>";
		};
		88A07FF26552FB9745779749 /* Frameworks */ = {
			isa = PBXGroup;
			children = (
				D90D7125DDCB4B240B80CAF2 /* Pods_rainyshineapp.framework */,
			);
			name = Frameworks;
			sourceTree = "<group>";
		};
		F70D7EF4455494C20B597257 /* Pods */ = {
			isa = PBXGroup;
			children = (
				53B3653B2EAD18CA046E6D93 /* Pods-rainyshineapp.debug.xcconfig */,
				AD0C0F6787760C512F031503 /* Pods-rainyshineapp.release.xcconfig */,
			);
			name = Pods;
			sourceTree = "<group>";
		};
/* End PBXGroup section */

/* Begin PBXNativeTarget section */
		29F56A331ED8E8F50001343A /* rainyshineapp */ = {
			isa = PBXNativeTarget;
			buildConfigurationList = 29F56A5C1ED8E8F60001343A /* Build configuration list for PBXNativeTarget "rainyshineapp" */;
			buildPhases = (
				8D485938370904520D7F84DA /* [CP] Check Pods Manifest.lock */,
				29F56A301ED8E8F50001343A /* Sources */,
				29F56A311ED8E8F50001343A /* Frameworks */,
				29F56A321ED8E8F50001343A /* Resources */,
				036828EC6B2E07E22EC43461 /* [CP] Embed Pods Frameworks */,
				27DC1D7017ADA5873EE0621E /* [CP] Copy Pods Resources */,
			);
			buildRules = (
			);
			dependencies = (
			);
			name = rainyshineapp;
			productName = rainyshineapp;
			productReference = 29F56A341ED8E8F50001343A /* rainyshineapp.app */;
			productType = "com.apple.product-type.application";
		};
		29F56A471ED8E8F60001343A /* rainyshineappTests */ = {
			isa = PBXNativeTarget;
			buildConfigurationList = 29F56A5F1ED8E8F60001343A /* Build configuration list for PBXNativeTarget "rainyshineappTests" */;
			buildPhases = (
				29F56A441ED8E8F60001343A /* Sources */,
				29F56A451ED8E8F60001343A /* Frameworks */,
				29F56A461ED8E8F60001343A /* Resources */,
			);
			buildRules = (
			);
			dependencies = (
				29F56A4A1ED8E8F60001343A /* PBXTargetDependency */,
			);
			name = rainyshineappTests;
			productName = rainyshineappTests;
			productReference = 29F56A481ED8E8F60001343A /* rainyshineappTests.xctest */;
			productType = "com.apple.product-type.bundle.unit-test";
		};
		29F56A521ED8E8F60001343A /* rainyshineappUITests */ = {
			isa = PBXNativeTarget;
			buildConfigurationList = 29F56A621ED8E8F60001343A /* Build configuration list for PBXNativeTarget "rainyshineappUITests" */;
			buildPhases = (
				29F56A4F1ED8E8F60001343A /* Sources */,
				29F56A501ED8E8F60001343A /* Frameworks */,
				29F56A511ED8E8F60001343A /* Resources */,
			);
			buildRules = (
			);
			dependencies = (
				29F56A551ED8E8F60001343A /* PBXTargetDependency */,
			);
			name = rainyshineappUITests;
			productName = rainyshineappUITests;
			productReference = 29F56A531ED8E8F60001343A /* rainyshineappUITests.xctest */;
			productType = "com.apple.product-type.bundle.ui-testing";
		};
/* End PBXNativeTarget section */

/* Begin PBXProject section */
		29F56A2C1ED8E8F50001343A /* Project object */ = {
			isa = PBXProject;
			attributes = {
				LastSwiftUpdateCheck = 0830;
				LastUpgradeCheck = 0830;
				ORGANIZATIONNAME = "Samer Rohani";
				TargetAttributes = {
					29F56A331ED8E8F50001343A = {
						CreatedOnToolsVersion = 8.3.2;
						DevelopmentTeam = Z38ALDX4R8;
						ProvisioningStyle = Automatic;
					};
					29F56A471ED8E8F60001343A = {
						CreatedOnToolsVersion = 8.3.2;
						DevelopmentTeam = Z38ALDX4R8;
						ProvisioningStyle = Automatic;
						TestTargetID = 29F56A331ED8E8F50001343A;
					};
					29F56A521ED8E8F60001343A = {
						CreatedOnToolsVersion = 8.3.2;
						DevelopmentTeam = Z38ALDX4R8;
						ProvisioningStyle = Automatic;
						TestTargetID = 29F56A331ED8E8F50001343A;
					};
				};
			};
			buildConfigurationList = 29F56A2F1ED8E8F50001343A /* Build configuration list for PBXProject "rainyshineapp" */;
			compatibilityVersion = "Xcode 3.2";
			developmentRegion = English;
			hasScannedForEncodings = 0;
			knownRegions = (
				en,
				Base,
			);
			mainGroup = 29F56A2B1ED8E8F50001343A;
			productRefGroup = 29F56A351ED8E8F50001343A /* Products */;
			projectDirPath = "";
			projectRoot = "";
			targets = (
				29F56A331ED8E8F50001343A /* rainyshineapp */,
				29F56A471ED8E8F60001343A /* rainyshineappTests */,
				29F56A521ED8E8F60001343A /* rainyshineappUITests */,
			);
		};
/* End PBXProject section */

/* Begin PBXResourcesBuildPhase section */
		29F56A321ED8E8F50001343A /* Resources */ = {
			isa = PBXResourcesBuildPhase;
			buildActionMask = 2147483647;
			files = (
				29F56A421ED8E8F50001343A /* LaunchScreen.storyboard in Resources */,
				29F56A3F1ED8E8F50001343A /* Assets.xcassets in Resources */,
				29F56A3D1ED8E8F50001343A /* Main.storyboard in Resources */,
			);
			runOnlyForDeploymentPostprocessing = 0;
		};
		29F56A461ED8E8F60001343A /* Resources */ = {
			isa = PBXResourcesBuildPhase;
			buildActionMask = 2147483647;
			files = (
			);
			runOnlyForDeploymentPostprocessing = 0;
		};
		29F56A511ED8E8F60001343A /* Resources */ = {
			isa = PBXResourcesBuildPhase;
			buildActionMask = 2147483647;
			files = (
			);
			runOnlyForDeploymentPostprocessing = 0;
		};
/* End PBXResourcesBuildPhase section */

/* Begin PBXShellScriptBuildPhase section */
		036828EC6B2E07E22EC43461 /* [CP] Embed Pods Frameworks */ = {
			isa = PBXShellScriptBuildPhase;
			buildActionMask = 2147483647;
			files = (
			);
			inputPaths = (
			);
			name = "[CP] Embed Pods Frameworks";
			outputPaths = (
			);
			runOnlyForDeploymentPostprocessing = 0;
			shellPath = /bin/sh;
			shellScript = "\"${SRCROOT}/Pods/Target Support Files/Pods-rainyshineapp/Pods-rainyshineapp-frameworks.sh\"\n";
			showEnvVarsInLog = 0;
		};
		27DC1D7017ADA5873EE0621E /* [CP] Copy Pods Resources */ = {
			isa = PBXShellScriptBuildPhase;
			buildActionMask = 2147483647;
			files = (
			);
			inputPaths = (
			);
			name = "[CP] Copy Pods Resources";
			outputPaths = (
			);
			runOnlyForDeploymentPostprocessing = 0;
			shellPath = /bin/sh;
			shellScript = "\"${SRCROOT}/Pods/Target Support Files/Pods-rainyshineapp/Pods-rainyshineapp-resources.sh\"\n";
			showEnvVarsInLog = 0;
		};
		8D485938370904520D7F84DA /* [CP] Check Pods Manifest.lock */ = {
			isa = PBXShellScriptBuildPhase;
			buildActionMask = 2147483647;
			files = (
			);
			inputPaths = (
			);
			name = "[CP] Check Pods Manifest.lock";
			outputPaths = (
			);
			runOnlyForDeploymentPostprocessing = 0;
			shellPath = /bin/sh;
			shellScript = "diff \"${PODS_PODFILE_DIR_PATH}/Podfile.lock\" \"${PODS_ROOT}/Manifest.lock\" > /dev/null\nif [ $? != 0 ] ; then\n    # print error to STDERR\n    echo \"error: The sandbox is not in sync with the Podfile.lock. Run 'pod install' or update your CocoaPods installation.\" >&2\n    exit 1\nfi\n";
			showEnvVarsInLog = 0;
		};
/* End PBXShellScriptBuildPhase section */

/* Begin PBXSourcesBuildPhase section */
		29F56A301ED8E8F50001343A /* Sources */ = {
			isa = PBXSourcesBuildPhase;
			buildActionMask = 2147483647;
			files = (
				296A41F71EDA458D00B61C51 /* CurrentWeather.swift in Sources */,
				296A41FD1EDD2A4B00B61C51 /* Location.swift in Sources */,
				296A41F31ED95C7300B61C51 /* WeatherVC.swift in Sources */,
				29F56A381ED8E8F50001343A /* AppDelegate.swift in Sources */,
				296A41F91EDBACDB00B61C51 /* Forecast.swift in Sources */,
				296A41F51EDA437A00B61C51 /* Constants.swift in Sources */,
				296A41FB1EDD242900B61C51 /* WeatherCell.swift in Sources */,
			);
			runOnlyForDeploymentPostprocessing = 0;
		};
		29F56A441ED8E8F60001343A /* Sources */ = {
			isa = PBXSourcesBuildPhase;
			buildActionMask = 2147483647;
			files = (
				29F56A4D1ED8E8F60001343A /* rainyshineappTests.swift in Sources */,
			);
			runOnlyForDeploymentPostprocessing = 0;
		};
		29F56A4F1ED8E8F60001343A /* Sources */ = {
			isa = PBXSourcesBuildPhase;
			buildActionMask = 2147483647;
			files = (
				29F56A581ED8E8F60001343A /* rainyshineappUITests.swift in Sources */,
			);
			runOnlyForDeploymentPostprocessing = 0;
		};
/* End PBXSourcesBuildPhase section */

/* Begin PBXTargetDependency section */
		29F56A4A1ED8E8F60001343A /* PBXTargetDependency */ = {
			isa = PBXTargetDependency;
			target = 29F56A331ED8E8F50001343A /* rainyshineapp */;
			targetProxy = 29F56A491ED8E8F60001343A /* PBXContainerItemProxy */;
		};
		29F56A551ED8E8F60001343A /* PBXTargetDependency */ = {
			isa = PBXTargetDependency;
			target = 29F56A331ED8E8F50001343A /* rainyshineapp */;
			targetProxy = 29F56A541ED8E8F60001343A /* PBXContainerItemProxy */;
		};
/* End PBXTargetDependency section */

/* Begin PBXVariantGroup section */
		29F56A3B1ED8E8F50001343A /* Main.storyboard */ = {
			isa = PBXVariantGroup;
			children = (
				29F56A3C1ED8E8F50001343A /* Base */,
			);
			name = Main.storyboard;
			sourceTree = "<group>";
		};
		29F56A401ED8E8F50001343A /* LaunchScreen.storyboard */ = {
			isa = PBXVariantGroup;
			children = (
				29F56A411ED8E8F50001343A /* Base */,
			);
			name = LaunchScreen.storyboard;
			sourceTree = "<group>";
		};
/* End PBXVariantGroup section */

/* Begin XCBuildConfiguration section */
		29F56A5A1ED8E8F60001343A /* Debug */ = {
			isa = XCBuildConfiguration;
			buildSettings = {
				ALWAYS_SEARCH_USER_PATHS = NO;
				CLANG_ANALYZER_NONNULL = YES;
				CLANG_ANALYZER_NUMBER_OBJECT_CONVERSION = YES_AGGRESSIVE;
				CLANG_CXX_LANGUAGE_STANDARD = "gnu++0x";
				CLANG_CXX_LIBRARY = "libc++";
				CLANG_ENABLE_MODULES = YES;
				CLANG_ENABLE_OBJC_ARC = YES;
				CLANG_WARN_BOOL_CONVERSION = YES;
				CLANG_WARN_CONSTANT_CONVERSION = YES;
				CLANG_WARN_DIRECT_OBJC_ISA_USAGE = YES_ERROR;
				CLANG_WARN_DOCUMENTATION_COMMENTS = YES;
				CLANG_WARN_EMPTY_BODY = YES;
				CLANG_WARN_ENUM_CONVERSION = YES;
				CLANG_WARN_INFINITE_RECURSION = YES;
				CLANG_WARN_INT_CONVERSION = YES;
				CLANG_WARN_OBJC_ROOT_CLASS = YES_ERROR;
				CLANG_WARN_SUSPICIOUS_MOVE = YES;
				CLANG_WARN_UNREACHABLE_CODE = YES;
				CLANG_WARN__DUPLICATE_METHOD_MATCH = YES;
				"CODE_SIGN_IDENTITY[sdk=iphoneos*]" = "iPhone Developer";
				COPY_PHASE_STRIP = NO;
				DEBUG_INFORMATION_FORMAT = dwarf;
				ENABLE_STRICT_OBJC_MSGSEND = YES;
				ENABLE_TESTABILITY = YES;
				GCC_C_LANGUAGE_STANDARD = gnu99;
				GCC_DYNAMIC_NO_PIC = NO;
				GCC_NO_COMMON_BLOCKS = YES;
				GCC_OPTIMIZATION_LEVEL = 0;
				GCC_PREPROCESSOR_DEFINITIONS = (
					"DEBUG=1",
					"$(inherited)",
				);
				GCC_WARN_64_TO_32_BIT_CONVERSION = YES;
				GCC_WARN_ABOUT_RETURN_TYPE = YES_ERROR;
				GCC_WARN_UNDECLARED_SELECTOR = YES;
				GCC_WARN_UNINITIALIZED_AUTOS = YES_AGGRESSIVE;
				GCC_WARN_UNUSED_FUNCTION = YES;
				GCC_WARN_UNUSED_VARIABLE = YES;
				IPHONEOS_DEPLOYMENT_TARGET = 10.3;
				MTL_ENABLE_DEBUG_INFO = YES;
				ONLY_ACTIVE_ARCH = YES;
				SDKROOT = iphoneos;
				SWIFT_ACTIVE_COMPILATION_CONDITIONS = DEBUG;
				SWIFT_OPTIMIZATION_LEVEL = "-Onone";
			};
			name = Debug;
		};
		29F56A5B1ED8E8F60001343A /* Release */ = {
			isa = XCBuildConfiguration;
			buildSettings = {
				ALWAYS_SEARCH_USER_PATHS = NO;
				CLANG_ANALYZER_NONNULL = YES;
				CLANG_ANALYZER_NUMBER_OBJECT_CONVERSION = YES_AGGRESSIVE;
				CLANG_CXX_LANGUAGE_STANDARD = "gnu++0x";
				CLANG_CXX_LIBRARY = "libc++";
				CLANG_ENABLE_MODULES = YES;
				CLANG_ENABLE_OBJC_ARC = YES;
				CLANG_WARN_BOOL_CONVERSION = YES;
				CLANG_WARN_CONSTANT_CONVERSION = YES;
				CLANG_WARN_DIRECT_OBJC_ISA_USAGE = YES_ERROR;
				CLANG_WARN_DOCUMENTATION_COMMENTS = YES;
				CLANG_WARN_EMPTY_BODY = YES;
				CLANG_WARN_ENUM_CONVERSION = YES;
				CLANG_WARN_INFINITE_RECURSION = YES;
				CLANG_WARN_INT_CONVERSION = YES;
				CLANG_WARN_OBJC_ROOT_CLASS = YES_ERROR;
				CLANG_WARN_SUSPICIOUS_MOVE = YES;
				CLANG_WARN_UNREACHABLE_CODE = YES;
				CLANG_WARN__DUPLICATE_METHOD_MATCH = YES;
				"CODE_SIGN_IDENTITY[sdk=iphoneos*]" = "iPhone Developer";
				COPY_PHASE_STRIP = NO;
				DEBUG_INFORMATION_FORMAT = "dwarf-with-dsym";
				ENABLE_NS_ASSERTIONS = NO;
				ENABLE_STRICT_OBJC_MSGSEND = YES;
				GCC_C_LANGUAGE_STANDARD = gnu99;
				GCC_NO_COMMON_BLOCKS = YES;
				GCC_WARN_64_TO_32_BIT_CONVERSION = YES;
				GCC_WARN_ABOUT_RETURN_TYPE = YES_ERROR;
				GCC_WARN_UNDECLARED_SELECTOR = YES;
				GCC_WARN_UNINITIALIZED_AUTOS = YES_AGGRESSIVE;
				GCC_WARN_UNUSED_FUNCTION = YES;
				GCC_WARN_UNUSED_VARIABLE = YES;
				IPHONEOS_DEPLOYMENT_TARGET = 10.3;
				MTL_ENABLE_DEBUG_INFO = NO;
				SDKROOT = iphoneos;
				SWIFT_OPTIMIZATION_LEVEL = "-Owholemodule";
				VALIDATE_PRODUCT = YES;
			};
			name = Release;
		};
		29F56A5D1ED8E8F60001343A /* Debug */ = {
			isa = XCBuildConfiguration;
			baseConfigurationReference = 53B3653B2EAD18CA046E6D93 /* Pods-rainyshineapp.debug.xcconfig */;
			buildSettings = {
				ASSETCATALOG_COMPILER_APPICON_NAME = AppIcon;
				DEVELOPMENT_TEAM = Z38ALDX4R8;
				INFOPLIST_FILE = rainyshineapp/Info.plist;
				LD_RUNPATH_SEARCH_PATHS = "$(inherited) @executable_path/Frameworks";
				PRODUCT_BUNDLE_IDENTIFIER = com.srohani.rainyshineapp;
				PRODUCT_NAME = "$(TARGET_NAME)";
				SWIFT_VERSION = 3.0;
			};
			name = Debug;
		};
		29F56A5E1ED8E8F60001343A /* Release */ = {
			isa = XCBuildConfiguration;
			baseConfigurationReference = AD0C0F6787760C512F031503 /* Pods-rainyshineapp.release.xcconfig */;
			buildSettings = {
				ASSETCATALOG_COMPILER_APPICON_NAME = AppIcon;
				DEVELOPMENT_TEAM = Z38ALDX4R8;
				INFOPLIST_FILE = rainyshineapp/Info.plist;
				LD_RUNPATH_SEARCH_PATHS = "$(inherited) @executable_path/Frameworks";
				PRODUCT_BUNDLE_IDENTIFIER = com.srohani.rainyshineapp;
				PRODUCT_NAME = "$(TARGET_NAME)";
				SWIFT_VERSION = 3.0;
			};
			name = Release;
		};
		29F56A601ED8E8F60001343A /* Debug */ = {
			isa = XCBuildConfiguration;
			buildSettings = {
				ALWAYS_EMBED_SWIFT_STANDARD_LIBRARIES = YES;
				BUNDLE_LOADER = "$(TEST_HOST)";
				DEVELOPMENT_TEAM = Z38ALDX4R8;
				INFOPLIST_FILE = rainyshineappTests/Info.plist;
				LD_RUNPATH_SEARCH_PATHS = "$(inherited) @executable_path/Frameworks @loader_path/Frameworks";
				PRODUCT_BUNDLE_IDENTIFIER = com.srohani.rainyshineappTests;
				PRODUCT_NAME = "$(TARGET_NAME)";
				SWIFT_VERSION = 3.0;
				TEST_HOST = "$(BUILT_PRODUCTS_DIR)/rainyshineapp.app/rainyshineapp";
			};
			name = Debug;
		};
		29F56A611ED8E8F60001343A /* Release */ = {
			isa = XCBuildConfiguration;
			buildSettings = {
				ALWAYS_EMBED_SWIFT_STANDARD_LIBRARIES = YES;
				BUNDLE_LOADER = "$(TEST_HOST)";
				DEVELOPMENT_TEAM = Z38ALDX4R8;
				INFOPLIST_FILE = rainyshineappTests/Info.plist;
				LD_RUNPATH_SEARCH_PATHS = "$(inherited) @executable_path/Frameworks @loader_path/Frameworks";
				PRODUCT_BUNDLE_IDENTIFIER = com.srohani.rainyshineappTests;
				PRODUCT_NAME = "$(TARGET_NAME)";
				SWIFT_VERSION = 3.0;
				TEST_HOST = "$(BUILT_PRODUCTS_DIR)/rainyshineapp.app/rainyshineapp";
			};
			name = Release;
		};
		29F56A631ED8E8F60001343A /* Debug */ = {
			isa = XCBuildConfiguration;
			buildSettings = {
				ALWAYS_EMBED_SWIFT_STANDARD_LIBRARIES = YES;
				DEVELOPMENT_TEAM = Z38ALDX4R8;
				INFOPLIST_FILE = rainyshineappUITests/Info.plist;
				LD_RUNPATH_SEARCH_PATHS = "$(inherited) @executable_path/Frameworks @loader_path/Frameworks";
				PRODUCT_BUNDLE_IDENTIFIER = com.srohani.rainyshineappUITests;
				PRODUCT_NAME = "$(TARGET_NAME)";
				SWIFT_VERSION = 3.0;
				TEST_TARGET_NAME = rainyshineapp;
			};
			name = Debug;
		};
		29F56A641ED8E8F60001343A /* Release */ = {
			isa = XCBuildConfiguration;
			buildSettings = {
				ALWAYS_EMBED_SWIFT_STANDARD_LIBRARIES = YES;
				DEVELOPMENT_TEAM = Z38ALDX4R8;
				INFOPLIST_FILE = rainyshineappUITests/Info.plist;
				LD_RUNPATH_SEARCH_PATHS = "$(inherited) @executable_path/Frameworks @loader_path/Frameworks";
				PRODUCT_BUNDLE_IDENTIFIER = com.srohani.rainyshineappUITests;
				PRODUCT_NAME = "$(TARGET_NAME)";
				SWIFT_VERSION = 3.0;
				TEST_TARGET_NAME = rainyshineapp;
			};
			name = Release;
		};
/* End XCBuildConfiguration section */

/* Begin XCConfigurationList section */
		29F56A2F1ED8E8F50001343A /* Build configuration list for PBXProject "rainyshineapp" */ = {
			isa = XCConfigurationList;
			buildConfigurations = (
				29F56A5A1ED8E8F60001343A /* Debug */,
				29F56A5B1ED8E8F60001343A /* Release */,
			);
			defaultConfigurationIsVisible = 0;
			defaultConfigurationName = Release;
		};
		29F56A5C1ED8E8F60001343A /* Build configuration list for PBXNativeTarget "rainyshineapp" */ = {
			isa = XCConfigurationList;
			buildConfigurations = (
				29F56A5D1ED8E8F60001343A /* Debug */,
				29F56A5E1ED8E8F60001343A /* Release */,
			);
			defaultConfigurationIsVisible = 0;
			defaultConfigurationName = Release;
		};
		29F56A5F1ED8E8F60001343A /* Build configuration list for PBXNativeTarget "rainyshineappTests" */ = {
			isa = XCConfigurationList;
			buildConfigurations = (
				29F56A601ED8E8F60001343A /* Debug */,
				29F56A611ED8E8F60001343A /* Release */,
			);
			defaultConfigurationIsVisible = 0;
			defaultConfigurationName = Release;
		};
		29F56A621ED8E8F60001343A /* Build configuration list for PBXNativeTarget "rainyshineappUITests" */ = {
			isa = XCConfigurationList;
			buildConfigurations = (
				29F56A631ED8E8F60001343A /* Debug */,
				29F56A641ED8E8F60001343A /* Release */,
			);
			defaultConfigurationIsVisible = 0;
			defaultConfigurationName = Release;
		};
/* End XCConfigurationList section */
	};
	rootObject = 29F56A2C1ED8E8F50001343A /* Project object */;
}
